
Microsoft Visual Studio Solution File, Format Version 12.00
# Visual Studio Version 17
VisualStudioVersion = 17.3.32901.215
MinimumVisualStudioVersion = 10.0.40219.1
Project("{9A19103F-16F7-4668-BE54-9A1E7A4F7556}") = "Domain", "src\Domain\Domain.csproj", "{D1CFEE43-6562-4589-B6BB-2862A698315A}"
EndProject
Project("{2150E333-8FDC-42A3-9474-1A3956D46DE8}") = "src", "src", "{0FF95A89-D809-4AB7-B6DE-C16BBB40B922}"
EndProject
Project("{2150E333-8FDC-42A3-9474-1A3956D46DE8}") = "tests", "tests", "{8FAC4355-AF5A-4168-AE29-BFD17FC290F3}"
EndProject
Project("{2150E333-8FDC-42A3-9474-1A3956D46DE8}") = "Solution Items", "Solution Items", "{8F7D8D5D-1568-4BB2-9F24-C4747BC357ED}"
	ProjectSection(SolutionItems) = preProject
		.editorconfig = .editorconfig
		db-docker-compose.yml = db-docker-compose.yml
		README.md = README.md
	EndProjectSection
EndProject
Project("{9A19103F-16F7-4668-BE54-9A1E7A4F7556}") = "Application", "src\Application\Application.csproj", "{07FF9E80-8F04-4A35-AC68-F1CD0D40E9FE}"
EndProject
Project("{9A19103F-16F7-4668-BE54-9A1E7A4F7556}") = "Infrastructure", "src\Infrastructure\Infrastructure.csproj", "{67EBDE87-BB30-420A-9695-89B3EB2F839E}"
EndProject
Project("{9A19103F-16F7-4668-BE54-9A1E7A4F7556}") = "WebApi", "src\WebApi\WebApi.csproj", "{0AF5F8D2-C566-490B-8023-C6CCAA72BB0A}"
EndProject
Project("{FAE04EC0-301F-11D3-BF4B-00C04F79EFBC}") = "Domain.Tests.Unit", "tests\Domain.Tests.Unit\Domain.Tests.Unit.csproj", "{0BA88B1E-9A33-4228-9E2F-954B417473F1}"
EndProject
Global
	GlobalSection(SolutionConfigurationPlatforms) = preSolution
		Debug|Any CPU = Debug|Any CPU
		Release|Any CPU = Release|Any CPU
	EndGlobalSection
	GlobalSection(ProjectConfigurationPlatforms) = postSolution
		{D1CFEE43-6562-4589-B6BB-2862A698315A}.Debug|Any CPU.ActiveCfg = Debug|Any CPU
		{D1CFEE43-6562-4589-B6BB-2862A698315A}.Debug|Any CPU.Build.0 = Debug|Any CPU
		{D1CFEE43-6562-4589-B6BB-2862A698315A}.Release|Any CPU.ActiveCfg = Release|Any CPU
		{D1CFEE43-6562-4589-B6BB-2862A698315A}.Release|Any CPU.Build.0 = Release|Any CPU
		{07FF9E80-8F04-4A35-AC68-F1CD0D40E9FE}.Debug|Any CPU.ActiveCfg = Debug|Any CPU
		{07FF9E80-8F04-4A35-AC68-F1CD0D40E9FE}.Debug|Any CPU.Build.0 = Debug|Any CPU
		{07FF9E80-8F04-4A35-AC68-F1CD0D40E9FE}.Release|Any CPU.ActiveCfg = Release|Any CPU
		{07FF9E80-8F04-4A35-AC68-F1CD0D40E9FE}.Release|Any CPU.Build.0 = Release|Any CPU
		{67EBDE87-BB30-420A-9695-89B3EB2F839E}.Debug|Any CPU.ActiveCfg = Debug|Any CPU
		{67EBDE87-BB30-420A-9695-89B3EB2F839E}.Debug|Any CPU.Build.0 = Debug|Any CPU
		{67EBDE87-BB30-420A-9695-89B3EB2F839E}.Release|Any CPU.ActiveCfg = Release|Any CPU
		{67EBDE87-BB30-420A-9695-89B3EB2F839E}.Release|Any CPU.Build.0 = Release|Any CPU
		{0AF5F8D2-C566-490B-8023-C6CCAA72BB0A}.Debug|Any CPU.ActiveCfg = Debug|Any CPU
		{0AF5F8D2-C566-490B-8023-C6CCAA72BB0A}.Debug|Any CPU.Build.0 = Debug|Any CPU
		{0AF5F8D2-C566-490B-8023-C6CCAA72BB0A}.Release|Any CPU.ActiveCfg = Release|Any CPU
		{0AF5F8D2-C566-490B-8023-C6CCAA72BB0A}.Release|Any CPU.Build.0 = Release|Any CPU
		{0BA88B1E-9A33-4228-9E2F-954B417473F1}.Debug|Any CPU.ActiveCfg = Debug|Any CPU
		{0BA88B1E-9A33-4228-9E2F-954B417473F1}.Debug|Any CPU.Build.0 = Debug|Any CPU
		{0BA88B1E-9A33-4228-9E2F-954B417473F1}.Release|Any CPU.ActiveCfg = Release|Any CPU
		{0BA88B1E-9A33-4228-9E2F-954B417473F1}.Release|Any CPU.Build.0 = Release|Any CPU
	EndGlobalSection
	GlobalSection(SolutionProperties) = preSolution
		HideSolutionNode = FALSE
	EndGlobalSection
	GlobalSection(NestedProjects) = preSolution
		{D1CFEE43-6562-4589-B6BB-2862A698315A} = {0FF95A89-D809-4AB7-B6DE-C16BBB40B922}
		{07FF9E80-8F04-4A35-AC68-F1CD0D40E9FE} = {0FF95A89-D809-4AB7-B6DE-C16BBB40B922}
		{67EBDE87-BB30-420A-9695-89B3EB2F839E} = {0FF95A89-D809-4AB7-B6DE-C16BBB40B922}
		{0AF5F8D2-C566-490B-8023-C6CCAA72BB0A} = {0FF95A89-D809-4AB7-B6DE-C16BBB40B922}
		{0BA88B1E-9A33-4228-9E2F-954B417473F1} = {8FAC4355-AF5A-4168-AE29-BFD17FC290F3}
	EndGlobalSection
	GlobalSection(ExtensibilityGlobals) = postSolution
		SolutionGuid = {EF161561-0068-4036-9D80-882A8540E084}
	EndGlobalSection
EndGlobal
